
Microsoft Visual Studio Solution File, Format Version 12.00
# Visual Studio Version 17
VisualStudioVersion = 17.10.35122.118
MinimumVisualStudioVersion = 10.0.40219.1
Project("{FAE04EC0-301F-11D3-BF4B-00C04F79EFBC}") = "Rating Rush", "Rating Rush\Rating Rush.csproj", "{F2D6BC8B-B89F-4925-8E53-3D86DD108D88}"
EndProject
Project("{FAE04EC0-301F-11D3-BF4B-00C04F79EFBC}") = "Tests", "Tests\Tests.csproj", "{8DDDBC56-D1E5-4939-BAD9-3C91C94F0B04}"
EndProject
Global
	GlobalSection(SolutionConfigurationPlatforms) = preSolution
		Debug|Any CPU = Debug|Any CPU
		Release|Any CPU = Release|Any CPU
	EndGlobalSection
	GlobalSection(ProjectConfigurationPlatforms) = postSolution
		{F2D6BC8B-B89F-4925-8E53-3D86DD108D88}.Debug|Any CPU.ActiveCfg = Debug|Any CPU
		{F2D6BC8B-B89F-4925-8E53-3D86DD108D88}.Debug|Any CPU.Build.0 = Debug|Any CPU
		{F2D6BC8B-B89F-4925-8E53-3D86DD108D88}.Release|Any CPU.ActiveCfg = Release|Any CPU
		{F2D6BC8B-B89F-4925-8E53-3D86DD108D88}.Release|Any CPU.Build.0 = Release|Any CPU
		{8DDDBC56-D1E5-4939-BAD9-3C91C94F0B04}.Debug|Any CPU.ActiveCfg = Debug|Any CPU
		{8DDDBC56-D1E5-4939-BAD9-3C91C94F0B04}.Debug|Any CPU.Build.0 = Debug|Any CPU
		{8DDDBC56-D1E5-4939-BAD9-3C91C94F0B04}.Release|Any CPU.ActiveCfg = Release|Any CPU
		{8DDDBC56-D1E5-4939-BAD9-3C91C94F0B04}.Release|Any CPU.Build.0 = Release|Any CPU
	EndGlobalSection
	GlobalSection(SolutionProperties) = preSolution
		HideSolutionNode = FALSE
	EndGlobalSection
	GlobalSection(ExtensibilityGlobals) = postSolution
		SolutionGuid = {91E2F070-E682-4B70-8249-3DE5100F8530}
	EndGlobalSection
EndGlobal
